
Microsoft Visual Studio Solution File, Format Version 12.00
# Visual Studio 15
Project("{FAE04EC0-301F-11D3-BF4B-00C04F79EFBC}") = "Assembly-CSharp", "Assembly-CSharp.csproj", "{266ED05F-B46F-9CC5-9EA8-98E429BF48FA}"
EndProject
Global
	GlobalSection(SolutionConfigurationPlatforms) = preSolution
		Debug|Any CPU = Debug|Any CPU
		Release|Any CPU = Release|Any CPU
	EndGlobalSection
	GlobalSection(ProjectConfigurationPlatforms) = postSolution
		{266ED05F-B46F-9CC5-9EA8-98E429BF48FA}.Debug|Any CPU.ActiveCfg = Debug|Any CPU
		{266ED05F-B46F-9CC5-9EA8-98E429BF48FA}.Debug|Any CPU.Build.0 = Debug|Any CPU
		{266ED05F-B46F-9CC5-9EA8-98E429BF48FA}.Release|Any CPU.ActiveCfg = Release|Any CPU
		{266ED05F-B46F-9CC5-9EA8-98E429BF48FA}.Release|Any CPU.Build.0 = Release|Any CPU
	EndGlobalSection
	GlobalSection(SolutionProperties) = preSolution
		HideSolutionNode = FALSE
	EndGlobalSection
EndGlobal
